
Microsoft Visual Studio Solution File, Format Version 12.00
# Visual Studio 15
VisualStudioVersion = 15.0.26228.9
MinimumVisualStudioVersion = 10.0.40219.1
Project("{FAE04EC0-301F-11D3-BF4B-00C04F79EFBC}") = "App13.Android", "App13\App13.Android\App13.Android.csproj", "{336BC545-A5BA-4FC8-A232-B17CB256DEE9}"
EndProject
Project("{FAE04EC0-301F-11D3-BF4B-00C04F79EFBC}") = "App13", "App13\App13\App13.csproj", "{74445BB2-75C2-407C-906D-4431F5C2BC0B}"
EndProject
Project("{FAE04EC0-301F-11D3-BF4B-00C04F79EFBC}") = "App13.UWP", "App13\App13.UWP\App13.UWP.csproj", "{AD746CAD-3892-4300-8812-0D896E64C540}"
EndProject
Project("{FAE04EC0-301F-11D3-BF4B-00C04F79EFBC}") = "App13.iOS", "App13\App13.iOS\App13.iOS.csproj", "{35A80C6F-A92A-467A-9654-6131C577F42D}"
EndProject
Global
	GlobalSection(SolutionConfigurationPlatforms) = preSolution
		Ad-Hoc|Any CPU = Ad-Hoc|Any CPU
		Ad-Hoc|ARM = Ad-Hoc|ARM
		Ad-Hoc|iPhone = Ad-Hoc|iPhone
		Ad-Hoc|iPhoneSimulator = Ad-Hoc|iPhoneSimulator
		Ad-Hoc|x64 = Ad-Hoc|x64
		Ad-Hoc|x86 = Ad-Hoc|x86
		AppStore|Any CPU = AppStore|Any CPU
		AppStore|ARM = AppStore|ARM
		AppStore|iPhone = AppStore|iPhone
		AppStore|iPhoneSimulator = AppStore|iPhoneSimulator
		AppStore|x64 = AppStore|x64
		AppStore|x86 = AppStore|x86
		Debug|Any CPU = Debug|Any CPU
		Debug|ARM = Debug|ARM
		Debug|iPhone = Debug|iPhone
		Debug|iPhoneSimulator = Debug|iPhoneSimulator
		Debug|x64 = Debug|x64
		Debug|x86 = Debug|x86
		Release|Any CPU = Release|Any CPU
		Release|ARM = Release|ARM
		Release|iPhone = Release|iPhone
		Release|iPhoneSimulator = Release|iPhoneSimulator
		Release|x64 = Release|x64
		Release|x86 = Release|x86
	EndGlobalSection
	GlobalSection(ProjectConfigurationPlatforms) = postSolution
		{336BC545-A5BA-4FC8-A232-B17CB256DEE9}.Ad-Hoc|Any CPU.ActiveCfg = Release|Any CPU
		{336BC545-A5BA-4FC8-A232-B17CB256DEE9}.Ad-Hoc|Any CPU.Build.0 = Release|Any CPU
		{336BC545-A5BA-4FC8-A232-B17CB256DEE9}.Ad-Hoc|Any CPU.Deploy.0 = Release|Any CPU
		{336BC545-A5BA-4FC8-A232-B17CB256DEE9}.Ad-Hoc|ARM.ActiveCfg = Release|Any CPU
		{336BC545-A5BA-4FC8-A232-B17CB256DEE9}.Ad-Hoc|ARM.Build.0 = Release|Any CPU
		{336BC545-A5BA-4FC8-A232-B17CB256DEE9}.Ad-Hoc|ARM.Deploy.0 = Release|Any CPU
		{336BC545-A5BA-4FC8-A232-B17CB256DEE9}.Ad-Hoc|iPhone.ActiveCfg = Release|Any CPU
		{336BC545-A5BA-4FC8-A232-B17CB256DEE9}.Ad-Hoc|iPhone.Build.0 = Release|Any CPU
		{336BC545-A5BA-4FC8-A232-B17CB256DEE9}.Ad-Hoc|iPhone.Deploy.0 = Release|Any CPU
		{336BC545-A5BA-4FC8-A232-B17CB256DEE9}.Ad-Hoc|iPhoneSimulator.ActiveCfg = Release|Any CPU
		{336BC545-A5BA-4FC8-A232-B17CB256DEE9}.Ad-Hoc|iPhoneSimulator.Build.0 = Release|Any CPU
		{336BC545-A5BA-4FC8-A232-B17CB256DEE9}.Ad-Hoc|iPhoneSimulator.Deploy.0 = Release|Any CPU
		{336BC545-A5BA-4FC8-A232-B17CB256DEE9}.Ad-Hoc|x64.ActiveCfg = Release|Any CPU
		{336BC545-A5BA-4FC8-A232-B17CB256DEE9}.Ad-Hoc|x64.Build.0 = Release|Any CPU
		{336BC545-A5BA-4FC8-A232-B17CB256DEE9}.Ad-Hoc|x64.Deploy.0 = Release|Any CPU
		{336BC545-A5BA-4FC8-A232-B17CB256DEE9}.Ad-Hoc|x86.ActiveCfg = Release|Any CPU
		{336BC545-A5BA-4FC8-A232-B17CB256DEE9}.Ad-Hoc|x86.Build.0 = Release|Any CPU
		{336BC545-A5BA-4FC8-A232-B17CB256DEE9}.Ad-Hoc|x86.Deploy.0 = Release|Any CPU
		{336BC545-A5BA-4FC8-A232-B17CB256DEE9}.AppStore|Any CPU.ActiveCfg = Release|Any CPU
		{336BC545-A5BA-4FC8-A232-B17CB256DEE9}.AppStore|Any CPU.Build.0 = Release|Any CPU
		{336BC545-A5BA-4FC8-A232-B17CB256DEE9}.AppStore|Any CPU.Deploy.0 = Release|Any CPU
		{336BC545-A5BA-4FC8-A232-B17CB256DEE9}.AppStore|ARM.ActiveCfg = Release|Any CPU
		{336BC545-A5BA-4FC8-A232-B17CB256DEE9}.AppStore|ARM.Build.0 = Release|Any CPU
		{336BC545-A5BA-4FC8-A232-B17CB256DEE9}.AppStore|ARM.Deploy.0 = Release|Any CPU
		{336BC545-A5BA-4FC8-A232-B17CB256DEE9}.AppStore|iPhone.ActiveCfg = Release|Any CPU
		{336BC545-A5BA-4FC8-A232-B17CB256DEE9}.AppStore|iPhone.Build.0 = Release|Any CPU
		{336BC545-A5BA-4FC8-A232-B17CB256DEE9}.AppStore|iPhone.Deploy.0 = Release|Any CPU
		{336BC545-A5BA-4FC8-A232-B17CB256DEE9}.AppStore|iPhoneSimulator.ActiveCfg = Release|Any CPU
		{336BC545-A5BA-4FC8-A232-B17CB256DEE9}.AppStore|iPhoneSimulator.Build.0 = Release|Any CPU
		{336BC545-A5BA-4FC8-A232-B17CB256DEE9}.AppStore|iPhoneSimulator.Deploy.0 = Release|Any CPU
		{336BC545-A5BA-4FC8-A232-B17CB256DEE9}.AppStore|x64.ActiveCfg = Release|Any CPU
		{336BC545-A5BA-4FC8-A232-B17CB256DEE9}.AppStore|x64.Build.0 = Release|Any CPU
		{336BC545-A5BA-4FC8-A232-B17CB256DEE9}.AppStore|x64.Deploy.0 = Release|Any CPU
		{336BC545-A5BA-4FC8-A232-B17CB256DEE9}.AppStore|x86.ActiveCfg = Release|Any CPU
		{336BC545-A5BA-4FC8-A232-B17CB256DEE9}.AppStore|x86.Build.0 = Release|Any CPU
		{336BC545-A5BA-4FC8-A232-B17CB256DEE9}.AppStore|x86.Deploy.0 = Release|Any CPU
		{336BC545-A5BA-4FC8-A232-B17CB256DEE9}.Debug|Any CPU.ActiveCfg = Debug|Any CPU
		{336BC545-A5BA-4FC8-A232-B17CB256DEE9}.Debug|Any CPU.Build.0 = Debug|Any CPU
		{336BC545-A5BA-4FC8-A232-B17CB256DEE9}.Debug|Any CPU.Deploy.0 = Debug|Any CPU
		{336BC545-A5BA-4FC8-A232-B17CB256DEE9}.Debug|ARM.ActiveCfg = Debug|Any CPU
		{336BC545-A5BA-4FC8-A232-B17CB256DEE9}.Debug|ARM.Build.0 = Debug|Any CPU
		{336BC545-A5BA-4FC8-A232-B17CB256DEE9}.Debug|ARM.Deploy.0 = Debug|Any CPU
		{336BC545-A5BA-4FC8-A232-B17CB256DEE9}.Debug|iPhone.ActiveCfg = Debug|Any CPU
		{336BC545-A5BA-4FC8-A232-B17CB256DEE9}.Debug|iPhone.Build.0 = Debug|Any CPU
		{336BC545-A5BA-4FC8-A232-B17CB256DEE9}.Debug|iPhone.Deploy.0 = Debug|Any CPU
		{336BC545-A5BA-4FC8-A232-B17CB256DEE9}.Debug|iPhoneSimulator.ActiveCfg = Debug|Any CPU
		{336BC545-A5BA-4FC8-A232-B17CB256DEE9}.Debug|iPhoneSimulator.Build.0 = Debug|Any CPU
		{336BC545-A5BA-4FC8-A232-B17CB256DEE9}.Debug|iPhoneSimulator.Deploy.0 = Debug|Any CPU
		{336BC545-A5BA-4FC8-A232-B17CB256DEE9}.Debug|x64.ActiveCfg = Debug|Any CPU
		{336BC545-A5BA-4FC8-A232-B17CB256DEE9}.Debug|x64.Build.0 = Debug|Any CPU
		{336BC545-A5BA-4FC8-A232-B17CB256DEE9}.Debug|x64.Deploy.0 = Debug|Any CPU
		{336BC545-A5BA-4FC8-A232-B17CB256DEE9}.Debug|x86.ActiveCfg = Debug|Any CPU
		{336BC545-A5BA-4FC8-A232-B17CB256DEE9}.Debug|x86.Build.0 = Debug|Any CPU
		{336BC545-A5BA-4FC8-A232-B17CB256DEE9}.Debug|x86.Deploy.0 = Debug|Any CPU
		{336BC545-A5BA-4FC8-A232-B17CB256DEE9}.Release|Any CPU.ActiveCfg = Release|Any CPU
		{336BC545-A5BA-4FC8-A232-B17CB256DEE9}.Release|Any CPU.Build.0 = Release|Any CPU
		{336BC545-A5BA-4FC8-A232-B17CB256DEE9}.Release|Any CPU.Deploy.0 = Release|Any CPU
		{336BC545-A5BA-4FC8-A232-B17CB256DEE9}.Release|ARM.ActiveCfg = Release|Any CPU
		{336BC545-A5BA-4FC8-A232-B17CB256DEE9}.Release|ARM.Build.0 = Release|Any CPU
		{336BC545-A5BA-4FC8-A232-B17CB256DEE9}.Release|ARM.Deploy.0 = Release|Any CPU
		{336BC545-A5BA-4FC8-A232-B17CB256DEE9}.Release|iPhone.ActiveCfg = Release|Any CPU
		{336BC545-A5BA-4FC8-A232-B17CB256DEE9}.Release|iPhone.Build.0 = Release|Any CPU
		{336BC545-A5BA-4FC8-A232-B17CB256DEE9}.Release|iPhone.Deploy.0 = Release|Any CPU
		{336BC545-A5BA-4FC8-A232-B17CB256DEE9}.Release|iPhoneSimulator.ActiveCfg = Release|Any CPU
		{336BC545-A5BA-4FC8-A232-B17CB256DEE9}.Release|iPhoneSimulator.Build.0 = Release|Any CPU
		{336BC545-A5BA-4FC8-A232-B17CB256DEE9}.Release|iPhoneSimulator.Deploy.0 = Release|Any CPU
		{336BC545-A5BA-4FC8-A232-B17CB256DEE9}.Release|x64.ActiveCfg = Release|Any CPU
		{336BC545-A5BA-4FC8-A232-B17CB256DEE9}.Release|x64.Build.0 = Release|Any CPU
		{336BC545-A5BA-4FC8-A232-B17CB256DEE9}.Release|x64.Deploy.0 = Release|Any CPU
		{336BC545-A5BA-4FC8-A232-B17CB256DEE9}.Release|x86.ActiveCfg = Release|Any CPU
		{336BC545-A5BA-4FC8-A232-B17CB256DEE9}.Release|x86.Build.0 = Release|Any CPU
		{336BC545-A5BA-4FC8-A232-B17CB256DEE9}.Release|x86.Deploy.0 = Release|Any CPU
		{74445BB2-75C2-407C-906D-4431F5C2BC0B}.Ad-Hoc|Any CPU.ActiveCfg = Release|Any CPU
		{74445BB2-75C2-407C-906D-4431F5C2BC0B}.Ad-Hoc|Any CPU.Build.0 = Release|Any CPU
		{74445BB2-75C2-407C-906D-4431F5C2BC0B}.Ad-Hoc|ARM.ActiveCfg = Release|Any CPU
		{74445BB2-75C2-407C-906D-4431F5C2BC0B}.Ad-Hoc|ARM.Build.0 = Release|Any CPU
		{74445BB2-75C2-407C-906D-4431F5C2BC0B}.Ad-Hoc|iPhone.ActiveCfg = Release|Any CPU
		{74445BB2-75C2-407C-906D-4431F5C2BC0B}.Ad-Hoc|iPhone.Build.0 = Release|Any CPU
		{74445BB2-75C2-407C-906D-4431F5C2BC0B}.Ad-Hoc|iPhoneSimulator.ActiveCfg = Release|Any CPU
		{74445BB2-75C2-407C-906D-4431F5C2BC0B}.Ad-Hoc|iPhoneSimulator.Build.0 = Release|Any CPU
		{74445BB2-75C2-407C-906D-4431F5C2BC0B}.Ad-Hoc|x64.ActiveCfg = Release|Any CPU
		{74445BB2-75C2-407C-906D-4431F5C2BC0B}.Ad-Hoc|x64.Build.0 = Release|Any CPU
		{74445BB2-75C2-407C-906D-4431F5C2BC0B}.Ad-Hoc|x86.ActiveCfg = Release|Any CPU
		{74445BB2-75C2-407C-906D-4431F5C2BC0B}.Ad-Hoc|x86.Build.0 = Release|Any CPU
		{74445BB2-75C2-407C-906D-4431F5C2BC0B}.AppStore|Any CPU.ActiveCfg = Release|Any CPU
		{74445BB2-75C2-407C-906D-4431F5C2BC0B}.AppStore|Any CPU.Build.0 = Release|Any CPU
		{74445BB2-75C2-407C-906D-4431F5C2BC0B}.AppStore|ARM.ActiveCfg = Release|Any CPU
		{74445BB2-75C2-407C-906D-4431F5C2BC0B}.AppStore|ARM.Build.0 = Release|Any CPU
		{74445BB2-75C2-407C-906D-4431F5C2BC0B}.AppStore|iPhone.ActiveCfg = Release|Any CPU
		{74445BB2-75C2-407C-906D-4431F5C2BC0B}.AppStore|iPhone.Build.0 = Release|Any CPU
		{74445BB2-75C2-407C-906D-4431F5C2BC0B}.AppStore|iPhoneSimulator.ActiveCfg = Release|Any CPU
		{74445BB2-75C2-407C-906D-4431F5C2BC0B}.AppStore|iPhoneSimulator.Build.0 = Release|Any CPU
		{74445BB2-75C2-407C-906D-4431F5C2BC0B}.AppStore|x64.ActiveCfg = Release|Any CPU
		{74445BB2-75C2-407C-906D-4431F5C2BC0B}.AppStore|x64.Build.0 = Release|Any CPU
		{74445BB2-75C2-407C-906D-4431F5C2BC0B}.AppStore|x86.ActiveCfg = Release|Any CPU
		{74445BB2-75C2-407C-906D-4431F5C2BC0B}.AppStore|x86.Build.0 = Release|Any CPU
		{74445BB2-75C2-407C-906D-4431F5C2BC0B}.Debug|Any CPU.ActiveCfg = Debug|Any CPU
		{74445BB2-75C2-407C-906D-4431F5C2BC0B}.Debug|Any CPU.Build.0 = Debug|Any CPU
		{74445BB2-75C2-407C-906D-4431F5C2BC0B}.Debug|ARM.ActiveCfg = Debug|Any CPU
		{74445BB2-75C2-407C-906D-4431F5C2BC0B}.Debug|ARM.Build.0 = Debug|Any CPU
		{74445BB2-75C2-407C-906D-4431F5C2BC0B}.Debug|iPhone.ActiveCfg = Debug|Any CPU
		{74445BB2-75C2-407C-906D-4431F5C2BC0B}.Debug|iPhone.Build.0 = Debug|Any CPU
		{74445BB2-75C2-407C-906D-4431F5C2BC0B}.Debug|iPhoneSimulator.ActiveCfg = Debug|Any CPU
		{74445BB2-75C2-407C-906D-4431F5C2BC0B}.Debug|iPhoneSimulator.Build.0 = Debug|Any CPU
		{74445BB2-75C2-407C-906D-4431F5C2BC0B}.Debug|x64.ActiveCfg = Debug|Any CPU
		{74445BB2-75C2-407C-906D-4431F5C2BC0B}.Debug|x64.Build.0 = Debug|Any CPU
		{74445BB2-75C2-407C-906D-4431F5C2BC0B}.Debug|x86.ActiveCfg = Debug|Any CPU
		{74445BB2-75C2-407C-906D-4431F5C2BC0B}.Debug|x86.Build.0 = Debug|Any CPU
		{74445BB2-75C2-407C-906D-4431F5C2BC0B}.Release|Any CPU.ActiveCfg = Release|Any CPU
		{74445BB2-75C2-407C-906D-4431F5C2BC0B}.Release|Any CPU.Build.0 = Release|Any CPU
		{74445BB2-75C2-407C-906D-4431F5C2BC0B}.Release|ARM.ActiveCfg = Release|Any CPU
		{74445BB2-75C2-407C-906D-4431F5C2BC0B}.Release|ARM.Build.0 = Release|Any CPU
		{74445BB2-75C2-407C-906D-4431F5C2BC0B}.Release|iPhone.ActiveCfg = Release|Any CPU
		{74445BB2-75C2-407C-906D-4431F5C2BC0B}.Release|iPhone.Build.0 = Release|Any CPU
		{74445BB2-75C2-407C-906D-4431F5C2BC0B}.Release|iPhoneSimulator.ActiveCfg = Release|Any CPU
		{74445BB2-75C2-407C-906D-4431F5C2BC0B}.Release|iPhoneSimulator.Build.0 = Release|Any CPU
		{74445BB2-75C2-407C-906D-4431F5C2BC0B}.Release|x64.ActiveCfg = Release|Any CPU
		{74445BB2-75C2-407C-906D-4431F5C2BC0B}.Release|x64.Build.0 = Release|Any CPU
		{74445BB2-75C2-407C-906D-4431F5C2BC0B}.Release|x86.ActiveCfg = Release|Any CPU
		{74445BB2-75C2-407C-906D-4431F5C2BC0B}.Release|x86.Build.0 = Release|Any CPU
		{AD746CAD-3892-4300-8812-0D896E64C540}.Ad-Hoc|Any CPU.ActiveCfg = Release|x86
		{AD746CAD-3892-4300-8812-0D896E64C540}.Ad-Hoc|Any CPU.Build.0 = Release|x86
		{AD746CAD-3892-4300-8812-0D896E64C540}.Ad-Hoc|Any CPU.Deploy.0 = Release|x86
		{AD746CAD-3892-4300-8812-0D896E64C540}.Ad-Hoc|ARM.ActiveCfg = Release|ARM
		{AD746CAD-3892-4300-8812-0D896E64C540}.Ad-Hoc|ARM.Build.0 = Release|ARM
		{AD746CAD-3892-4300-8812-0D896E64C540}.Ad-Hoc|ARM.Deploy.0 = Release|ARM
		{AD746CAD-3892-4300-8812-0D896E64C540}.Ad-Hoc|iPhone.ActiveCfg = Release|x86
		{AD746CAD-3892-4300-8812-0D896E64C540}.Ad-Hoc|iPhone.Build.0 = Release|x86
		{AD746CAD-3892-4300-8812-0D896E64C540}.Ad-Hoc|iPhone.Deploy.0 = Release|x86
		{AD746CAD-3892-4300-8812-0D896E64C540}.Ad-Hoc|iPhoneSimulator.ActiveCfg = Release|x86
		{AD746CAD-3892-4300-8812-0D896E64C540}.Ad-Hoc|iPhoneSimulator.Build.0 = Release|x86
		{AD746CAD-3892-4300-8812-0D896E64C540}.Ad-Hoc|iPhoneSimulator.Deploy.0 = Release|x86
		{AD746CAD-3892-4300-8812-0D896E64C540}.Ad-Hoc|x64.ActiveCfg = Release|x64
		{AD746CAD-3892-4300-8812-0D896E64C540}.Ad-Hoc|x64.Build.0 = Release|x64
		{AD746CAD-3892-4300-8812-0D896E64C540}.Ad-Hoc|x64.Deploy.0 = Release|x64
		{AD746CAD-3892-4300-8812-0D896E64C540}.Ad-Hoc|x86.ActiveCfg = Release|x86
		{AD746CAD-3892-4300-8812-0D896E64C540}.Ad-Hoc|x86.Build.0 = Release|x86
		{AD746CAD-3892-4300-8812-0D896E64C540}.Ad-Hoc|x86.Deploy.0 = Release|x86
		{AD746CAD-3892-4300-8812-0D896E64C540}.AppStore|Any CPU.ActiveCfg = Release|x86
		{AD746CAD-3892-4300-8812-0D896E64C540}.AppStore|Any CPU.Build.0 = Release|x86
		{AD746CAD-3892-4300-8812-0D896E64C540}.AppStore|Any CPU.Deploy.0 = Release|x86
		{AD746CAD-3892-4300-8812-0D896E64C540}.AppStore|ARM.ActiveCfg = Release|ARM
		{AD746CAD-3892-4300-8812-0D896E64C540}.AppStore|ARM.Build.0 = Release|ARM
		{AD746CAD-3892-4300-8812-0D896E64C540}.AppStore|ARM.Deploy.0 = Release|ARM
		{AD746CAD-3892-4300-8812-0D896E64C540}.AppStore|iPhone.ActiveCfg = Release|x86
		{AD746CAD-3892-4300-8812-0D896E64C540}.AppStore|iPhone.Build.0 = Release|x86
		{AD746CAD-3892-4300-8812-0D896E64C540}.AppStore|iPhone.Deploy.0 = Release|x86
		{AD746CAD-3892-4300-8812-0D896E64C540}.AppStore|iPhoneSimulator.ActiveCfg = Release|x86
		{AD746CAD-3892-4300-8812-0D896E64C540}.AppStore|iPhoneSimulator.Build.0 = Release|x86
		{AD746CAD-3892-4300-8812-0D896E64C540}.AppStore|iPhoneSimulator.Deploy.0 = Release|x86
		{AD746CAD-3892-4300-8812-0D896E64C540}.AppStore|x64.ActiveCfg = Release|x64
		{AD746CAD-3892-4300-8812-0D896E64C540}.AppStore|x64.Build.0 = Release|x64
		{AD746CAD-3892-4300-8812-0D896E64C540}.AppStore|x64.Deploy.0 = Release|x64
		{AD746CAD-3892-4300-8812-0D896E64C540}.AppStore|x86.ActiveCfg = Release|x86
		{AD746CAD-3892-4300-8812-0D896E64C540}.AppStore|x86.Build.0 = Release|x86
		{AD746CAD-3892-4300-8812-0D896E64C540}.AppStore|x86.Deploy.0 = Release|x86
		{AD746CAD-3892-4300-8812-0D896E64C540}.Debug|Any CPU.ActiveCfg = Debug|x86
		{AD746CAD-3892-4300-8812-0D896E64C540}.Debug|ARM.ActiveCfg = Debug|ARM
		{AD746CAD-3892-4300-8812-0D896E64C540}.Debug|ARM.Build.0 = Debug|ARM
		{AD746CAD-3892-4300-8812-0D896E64C540}.Debug|ARM.Deploy.0 = Debug|ARM
		{AD746CAD-3892-4300-8812-0D896E64C540}.Debug|iPhone.ActiveCfg = Debug|x86
		{AD746CAD-3892-4300-8812-0D896E64C540}.Debug|iPhoneSimulator.ActiveCfg = Debug|x86
		{AD746CAD-3892-4300-8812-0D896E64C540}.Debug|x64.ActiveCfg = Debug|x64
		{AD746CAD-3892-4300-8812-0D896E64C540}.Debug|x64.Build.0 = Debug|x64
		{AD746CAD-3892-4300-8812-0D896E64C540}.Debug|x64.Deploy.0 = Debug|x64
		{AD746CAD-3892-4300-8812-0D896E64C540}.Debug|x86.ActiveCfg = Debug|x86
		{AD746CAD-3892-4300-8812-0D896E64C540}.Debug|x86.Build.0 = Debug|x86
		{AD746CAD-3892-4300-8812-0D896E64C540}.Debug|x86.Deploy.0 = Debug|x86
		{AD746CAD-3892-4300-8812-0D896E64C540}.Release|Any CPU.ActiveCfg = Release|x86
		{AD746CAD-3892-4300-8812-0D896E64C540}.Release|ARM.ActiveCfg = Release|ARM
		{AD746CAD-3892-4300-8812-0D896E64C540}.Release|ARM.Build.0 = Release|ARM
		{AD746CAD-3892-4300-8812-0D896E64C540}.Release|ARM.Deploy.0 = Release|ARM
		{AD746CAD-3892-4300-8812-0D896E64C540}.Release|iPhone.ActiveCfg = Release|x86
		{AD746CAD-3892-4300-8812-0D896E64C540}.Release|iPhoneSimulator.ActiveCfg = Release|x86
		{AD746CAD-3892-4300-8812-0D896E64C540}.Release|x64.ActiveCfg = Release|x64
		{AD746CAD-3892-4300-8812-0D896E64C540}.Release|x64.Build.0 = Release|x64
		{AD746CAD-3892-4300-8812-0D896E64C540}.Release|x64.Deploy.0 = Release|x64
		{AD746CAD-3892-4300-8812-0D896E64C540}.Release|x86.ActiveCfg = Release|x86
		{AD746CAD-3892-4300-8812-0D896E64C540}.Release|x86.Build.0 = Release|x86
		{AD746CAD-3892-4300-8812-0D896E64C540}.Release|x86.Deploy.0 = Release|x86
		{35A80C6F-A92A-467A-9654-6131C577F42D}.Ad-Hoc|Any CPU.ActiveCfg = Ad-Hoc|iPhone
		{35A80C6F-A92A-467A-9654-6131C577F42D}.Ad-Hoc|ARM.ActiveCfg = Ad-Hoc|iPhone
		{35A80C6F-A92A-467A-9654-6131C577F42D}.Ad-Hoc|iPhone.ActiveCfg = Ad-Hoc|iPhone
		{35A80C6F-A92A-467A-9654-6131C577F42D}.Ad-Hoc|iPhone.Build.0 = Ad-Hoc|iPhone
		{35A80C6F-A92A-467A-9654-6131C577F42D}.Ad-Hoc|iPhoneSimulator.ActiveCfg = Ad-Hoc|iPhoneSimulator
		{35A80C6F-A92A-467A-9654-6131C577F42D}.Ad-Hoc|iPhoneSimulator.Build.0 = Ad-Hoc|iPhoneSimulator
		{35A80C6F-A92A-467A-9654-6131C577F42D}.Ad-Hoc|x64.ActiveCfg = Ad-Hoc|iPhone
		{35A80C6F-A92A-467A-9654-6131C577F42D}.Ad-Hoc|x86.ActiveCfg = Ad-Hoc|iPhone
		{35A80C6F-A92A-467A-9654-6131C577F42D}.AppStore|Any CPU.ActiveCfg = AppStore|iPhone
		{35A80C6F-A92A-467A-9654-6131C577F42D}.AppStore|ARM.ActiveCfg = AppStore|iPhone
		{35A80C6F-A92A-467A-9654-6131C577F42D}.AppStore|iPhone.ActiveCfg = AppStore|iPhone
		{35A80C6F-A92A-467A-9654-6131C577F42D}.AppStore|iPhone.Build.0 = AppStore|iPhone
		{35A80C6F-A92A-467A-9654-6131C577F42D}.AppStore|iPhoneSimulator.ActiveCfg = AppStore|iPhoneSimulator
		{35A80C6F-A92A-467A-9654-6131C577F42D}.AppStore|iPhoneSimulator.Build.0 = AppStore|iPhoneSimulator
		{35A80C6F-A92A-467A-9654-6131C577F42D}.AppStore|x64.ActiveCfg = AppStore|iPhone
		{35A80C6F-A92A-467A-9654-6131C577F42D}.AppStore|x86.ActiveCfg = AppStore|iPhone
		{35A80C6F-A92A-467A-9654-6131C577F42D}.Debug|Any CPU.ActiveCfg = Debug|iPhone
		{35A80C6F-A92A-467A-9654-6131C577F42D}.Debug|ARM.ActiveCfg = Debug|iPhone
		{35A80C6F-A92A-467A-9654-6131C577F42D}.Debug|iPhone.ActiveCfg = Debug|iPhone
		{35A80C6F-A92A-467A-9654-6131C577F42D}.Debug|iPhone.Build.0 = Debug|iPhone
		{35A80C6F-A92A-467A-9654-6131C577F42D}.Debug|iPhoneSimulator.ActiveCfg = Debug|iPhoneSimulator
		{35A80C6F-A92A-467A-9654-6131C577F42D}.Debug|iPhoneSimulator.Build.0 = Debug|iPhoneSimulator
		{35A80C6F-A92A-467A-9654-6131C577F42D}.Debug|x64.ActiveCfg = Debug|iPhone
		{35A80C6F-A92A-467A-9654-6131C577F42D}.Debug|x86.ActiveCfg = Debug|iPhone
		{35A80C6F-A92A-467A-9654-6131C577F42D}.Release|Any CPU.ActiveCfg = Release|iPhone
		{35A80C6F-A92A-467A-9654-6131C577F42D}.Release|ARM.ActiveCfg = Release|iPhone
		{35A80C6F-A92A-467A-9654-6131C577F42D}.Release|iPhone.ActiveCfg = Release|iPhone
		{35A80C6F-A92A-467A-9654-6131C577F42D}.Release|iPhone.Build.0 = Release|iPhone
		{35A80C6F-A92A-467A-9654-6131C577F42D}.Release|iPhoneSimulator.ActiveCfg = Release|iPhoneSimulator
		{35A80C6F-A92A-467A-9654-6131C577F42D}.Release|iPhoneSimulator.Build.0 = Release|iPhoneSimulator
		{35A80C6F-A92A-467A-9654-6131C577F42D}.Release|x64.ActiveCfg = Release|iPhone
		{35A80C6F-A92A-467A-9654-6131C577F42D}.Release|x86.ActiveCfg = Release|iPhone
	EndGlobalSection
	GlobalSection(SolutionProperties) = preSolution
		HideSolutionNode = FALSE
	EndGlobalSection
EndGlobal
